
Microsoft Visual Studio Solution File, Format Version 12.00
# Visual Studio 14
VisualStudioVersion = 14.0.24720.0
MinimumVisualStudioVersion = 10.0.40219.1
Project("{FAE04EC0-301F-11D3-BF4B-00C04F79EFBC}") = "VowelsService", "VowelsService.csproj", "{74ACB6DF-AA87-449E-8363-BD2A2C7C267B}"
EndProject
Project("{FAE04EC0-301F-11D3-BF4B-00C04F79EFBC}") = "VowelsCalculator", "..\VowelsCalculator\VowelsCalculator.csproj", "{C9E37A7C-852C-4D6C-9608-1A2DAA7986EE}"
EndProject
Project("{FAE04EC0-301F-11D3-BF4B-00C04F79EFBC}") = "VowelsServiceLib", "..\VowelsServiceLib\VowelsServiceLib.csproj", "{D12F6588-60CF-4F95-9507-7C811E680E9A}"
EndProject
Project("{FAE04EC0-301F-11D3-BF4B-00C04F79EFBC}") = "ConsonantsCalculator", "ConsonantsCalculator\ConsonantsCalculator.csproj", "{FB913078-5CFF-4EB2-9998-44912205B320}"
EndProject
Project("{FAE04EC0-301F-11D3-BF4B-00C04F79EFBC}") = "PoemAnalyzer", "PoemAnalyzer\PoemAnalyzer.csproj", "{33883B82-993F-4CBA-B0F5-074798E19994}"
EndProject
Global
	GlobalSection(SolutionConfigurationPlatforms) = preSolution
		Debug|Any CPU = Debug|Any CPU
		Debug|ARM = Debug|ARM
		Debug|x64 = Debug|x64
		Debug|x86 = Debug|x86
		Release|Any CPU = Release|Any CPU
		Release|ARM = Release|ARM
		Release|x64 = Release|x64
		Release|x86 = Release|x86
	EndGlobalSection
	GlobalSection(ProjectConfigurationPlatforms) = postSolution
		{74ACB6DF-AA87-449E-8363-BD2A2C7C267B}.Debug|Any CPU.ActiveCfg = Debug|Any CPU
		{74ACB6DF-AA87-449E-8363-BD2A2C7C267B}.Debug|Any CPU.Build.0 = Debug|Any CPU
		{74ACB6DF-AA87-449E-8363-BD2A2C7C267B}.Debug|ARM.ActiveCfg = Debug|Any CPU
		{74ACB6DF-AA87-449E-8363-BD2A2C7C267B}.Debug|ARM.Build.0 = Debug|Any CPU
		{74ACB6DF-AA87-449E-8363-BD2A2C7C267B}.Debug|x64.ActiveCfg = Debug|Any CPU
		{74ACB6DF-AA87-449E-8363-BD2A2C7C267B}.Debug|x64.Build.0 = Debug|Any CPU
		{74ACB6DF-AA87-449E-8363-BD2A2C7C267B}.Debug|x86.ActiveCfg = Debug|Any CPU
		{74ACB6DF-AA87-449E-8363-BD2A2C7C267B}.Debug|x86.Build.0 = Debug|Any CPU
		{74ACB6DF-AA87-449E-8363-BD2A2C7C267B}.Release|Any CPU.ActiveCfg = Release|Any CPU
		{74ACB6DF-AA87-449E-8363-BD2A2C7C267B}.Release|Any CPU.Build.0 = Release|Any CPU
		{74ACB6DF-AA87-449E-8363-BD2A2C7C267B}.Release|ARM.ActiveCfg = Release|Any CPU
		{74ACB6DF-AA87-449E-8363-BD2A2C7C267B}.Release|ARM.Build.0 = Release|Any CPU
		{74ACB6DF-AA87-449E-8363-BD2A2C7C267B}.Release|x64.ActiveCfg = Release|Any CPU
		{74ACB6DF-AA87-449E-8363-BD2A2C7C267B}.Release|x64.Build.0 = Release|Any CPU
		{74ACB6DF-AA87-449E-8363-BD2A2C7C267B}.Release|x86.ActiveCfg = Release|Any CPU
		{74ACB6DF-AA87-449E-8363-BD2A2C7C267B}.Release|x86.Build.0 = Release|Any CPU
		{C9E37A7C-852C-4D6C-9608-1A2DAA7986EE}.Debug|Any CPU.ActiveCfg = Debug|Any CPU
		{C9E37A7C-852C-4D6C-9608-1A2DAA7986EE}.Debug|Any CPU.Build.0 = Debug|Any CPU
		{C9E37A7C-852C-4D6C-9608-1A2DAA7986EE}.Debug|ARM.ActiveCfg = Debug|Any CPU
		{C9E37A7C-852C-4D6C-9608-1A2DAA7986EE}.Debug|ARM.Build.0 = Debug|Any CPU
		{C9E37A7C-852C-4D6C-9608-1A2DAA7986EE}.Debug|x64.ActiveCfg = Debug|Any CPU
		{C9E37A7C-852C-4D6C-9608-1A2DAA7986EE}.Debug|x64.Build.0 = Debug|Any CPU
		{C9E37A7C-852C-4D6C-9608-1A2DAA7986EE}.Debug|x86.ActiveCfg = Debug|Any CPU
		{C9E37A7C-852C-4D6C-9608-1A2DAA7986EE}.Debug|x86.Build.0 = Debug|Any CPU
		{C9E37A7C-852C-4D6C-9608-1A2DAA7986EE}.Release|Any CPU.ActiveCfg = Release|Any CPU
		{C9E37A7C-852C-4D6C-9608-1A2DAA7986EE}.Release|Any CPU.Build.0 = Release|Any CPU
		{C9E37A7C-852C-4D6C-9608-1A2DAA7986EE}.Release|ARM.ActiveCfg = Release|Any CPU
		{C9E37A7C-852C-4D6C-9608-1A2DAA7986EE}.Release|ARM.Build.0 = Release|Any CPU
		{C9E37A7C-852C-4D6C-9608-1A2DAA7986EE}.Release|x64.ActiveCfg = Release|Any CPU
		{C9E37A7C-852C-4D6C-9608-1A2DAA7986EE}.Release|x64.Build.0 = Release|Any CPU
		{C9E37A7C-852C-4D6C-9608-1A2DAA7986EE}.Release|x86.ActiveCfg = Release|Any CPU
		{C9E37A7C-852C-4D6C-9608-1A2DAA7986EE}.Release|x86.Build.0 = Release|Any CPU
		{D12F6588-60CF-4F95-9507-7C811E680E9A}.Debug|Any CPU.ActiveCfg = Debug|Any CPU
		{D12F6588-60CF-4F95-9507-7C811E680E9A}.Debug|Any CPU.Build.0 = Debug|Any CPU
		{D12F6588-60CF-4F95-9507-7C811E680E9A}.Debug|ARM.ActiveCfg = Debug|Any CPU
		{D12F6588-60CF-4F95-9507-7C811E680E9A}.Debug|ARM.Build.0 = Debug|Any CPU
		{D12F6588-60CF-4F95-9507-7C811E680E9A}.Debug|x64.ActiveCfg = Debug|Any CPU
		{D12F6588-60CF-4F95-9507-7C811E680E9A}.Debug|x64.Build.0 = Debug|Any CPU
		{D12F6588-60CF-4F95-9507-7C811E680E9A}.Debug|x86.ActiveCfg = Debug|Any CPU
		{D12F6588-60CF-4F95-9507-7C811E680E9A}.Debug|x86.Build.0 = Debug|Any CPU
		{D12F6588-60CF-4F95-9507-7C811E680E9A}.Release|Any CPU.ActiveCfg = Release|Any CPU
		{D12F6588-60CF-4F95-9507-7C811E680E9A}.Release|Any CPU.Build.0 = Release|Any CPU
		{D12F6588-60CF-4F95-9507-7C811E680E9A}.Release|ARM.ActiveCfg = Release|Any CPU
		{D12F6588-60CF-4F95-9507-7C811E680E9A}.Release|ARM.Build.0 = Release|Any CPU
		{D12F6588-60CF-4F95-9507-7C811E680E9A}.Release|x64.ActiveCfg = Release|Any CPU
		{D12F6588-60CF-4F95-9507-7C811E680E9A}.Release|x64.Build.0 = Release|Any CPU
		{D12F6588-60CF-4F95-9507-7C811E680E9A}.Release|x86.ActiveCfg = Release|Any CPU
		{D12F6588-60CF-4F95-9507-7C811E680E9A}.Release|x86.Build.0 = Release|Any CPU
		{FB913078-5CFF-4EB2-9998-44912205B320}.Debug|Any CPU.ActiveCfg = Debug|Any CPU
		{FB913078-5CFF-4EB2-9998-44912205B320}.Debug|Any CPU.Build.0 = Debug|Any CPU
		{FB913078-5CFF-4EB2-9998-44912205B320}.Debug|ARM.ActiveCfg = Debug|Any CPU
		{FB913078-5CFF-4EB2-9998-44912205B320}.Debug|ARM.Build.0 = Debug|Any CPU
		{FB913078-5CFF-4EB2-9998-44912205B320}.Debug|x64.ActiveCfg = Debug|Any CPU
		{FB913078-5CFF-4EB2-9998-44912205B320}.Debug|x64.Build.0 = Debug|Any CPU
		{FB913078-5CFF-4EB2-9998-44912205B320}.Debug|x86.ActiveCfg = Debug|Any CPU
		{FB913078-5CFF-4EB2-9998-44912205B320}.Debug|x86.Build.0 = Debug|Any CPU
		{FB913078-5CFF-4EB2-9998-44912205B320}.Release|Any CPU.ActiveCfg = Release|Any CPU
		{FB913078-5CFF-4EB2-9998-44912205B320}.Release|Any CPU.Build.0 = Release|Any CPU
		{FB913078-5CFF-4EB2-9998-44912205B320}.Release|ARM.ActiveCfg = Release|Any CPU
		{FB913078-5CFF-4EB2-9998-44912205B320}.Release|ARM.Build.0 = Release|Any CPU
		{FB913078-5CFF-4EB2-9998-44912205B320}.Release|x64.ActiveCfg = Release|Any CPU
		{FB913078-5CFF-4EB2-9998-44912205B320}.Release|x64.Build.0 = Release|Any CPU
		{FB913078-5CFF-4EB2-9998-44912205B320}.Release|x86.ActiveCfg = Release|Any CPU
		{FB913078-5CFF-4EB2-9998-44912205B320}.Release|x86.Build.0 = Release|Any CPU
		{33883B82-993F-4CBA-B0F5-074798E19994}.Debug|Any CPU.ActiveCfg = Debug|Any CPU
		{33883B82-993F-4CBA-B0F5-074798E19994}.Debug|Any CPU.Build.0 = Debug|Any CPU
		{33883B82-993F-4CBA-B0F5-074798E19994}.Debug|ARM.ActiveCfg = Debug|Any CPU
		{33883B82-993F-4CBA-B0F5-074798E19994}.Debug|ARM.Build.0 = Debug|Any CPU
		{33883B82-993F-4CBA-B0F5-074798E19994}.Debug|x64.ActiveCfg = Debug|Any CPU
		{33883B82-993F-4CBA-B0F5-074798E19994}.Debug|x64.Build.0 = Debug|Any CPU
		{33883B82-993F-4CBA-B0F5-074798E19994}.Debug|x86.ActiveCfg = Debug|Any CPU
		{33883B82-993F-4CBA-B0F5-074798E19994}.Debug|x86.Build.0 = Debug|Any CPU
		{33883B82-993F-4CBA-B0F5-074798E19994}.Release|Any CPU.ActiveCfg = Release|Any CPU
		{33883B82-993F-4CBA-B0F5-074798E19994}.Release|Any CPU.Build.0 = Release|Any CPU
		{33883B82-993F-4CBA-B0F5-074798E19994}.Release|ARM.ActiveCfg = Release|Any CPU
		{33883B82-993F-4CBA-B0F5-074798E19994}.Release|ARM.Build.0 = Release|Any CPU
		{33883B82-993F-4CBA-B0F5-074798E19994}.Release|x64.ActiveCfg = Release|Any CPU
		{33883B82-993F-4CBA-B0F5-074798E19994}.Release|x64.Build.0 = Release|Any CPU
		{33883B82-993F-4CBA-B0F5-074798E19994}.Release|x86.ActiveCfg = Release|Any CPU
		{33883B82-993F-4CBA-B0F5-074798E19994}.Release|x86.Build.0 = Release|Any CPU
	EndGlobalSection
	GlobalSection(SolutionProperties) = preSolution
		HideSolutionNode = FALSE
	EndGlobalSection
EndGlobal
