
Microsoft Visual Studio Solution File, Format Version 12.00
# Visual Studio 14
VisualStudioVersion = 14.0.24720.0
MinimumVisualStudioVersion = 10.0.40219.1
Project("{FAE04EC0-301F-11D3-BF4B-00C04F79EFBC}") = "VowelsService", "VowelsService.csproj", "{74ACB6DF-AA87-449E-8363-BD2A2C7C267B}"
EndProject
Project("{FAE04EC0-301F-11D3-BF4B-00C04F79EFBC}") = "VowelsCalculator", "..\VowelsCalculator\VowelsCalculator.csproj", "{C9E37A7C-852C-4D6C-9608-1A2DAA7986EE}"
EndProject
Global
	GlobalSection(SolutionConfigurationPlatforms) = preSolution
		Debug|Any CPU = Debug|Any CPU
		Release|Any CPU = Release|Any CPU
	EndGlobalSection
	GlobalSection(ProjectConfigurationPlatforms) = postSolution
		{74ACB6DF-AA87-449E-8363-BD2A2C7C267B}.Debug|Any CPU.ActiveCfg = Debug|Any CPU
		{74ACB6DF-AA87-449E-8363-BD2A2C7C267B}.Debug|Any CPU.Build.0 = Debug|Any CPU
		{74ACB6DF-AA87-449E-8363-BD2A2C7C267B}.Release|Any CPU.ActiveCfg = Release|Any CPU
		{74ACB6DF-AA87-449E-8363-BD2A2C7C267B}.Release|Any CPU.Build.0 = Release|Any CPU
		{C9E37A7C-852C-4D6C-9608-1A2DAA7986EE}.Debug|Any CPU.ActiveCfg = Debug|Any CPU
		{C9E37A7C-852C-4D6C-9608-1A2DAA7986EE}.Debug|Any CPU.Build.0 = Debug|Any CPU
		{C9E37A7C-852C-4D6C-9608-1A2DAA7986EE}.Release|Any CPU.ActiveCfg = Release|Any CPU
		{C9E37A7C-852C-4D6C-9608-1A2DAA7986EE}.Release|Any CPU.Build.0 = Release|Any CPU
	EndGlobalSection
	GlobalSection(SolutionProperties) = preSolution
		HideSolutionNode = FALSE
	EndGlobalSection
EndGlobal
